
Microsoft Visual Studio Solution File, Format Version 12.00
# Visual Studio Version 17
VisualStudioVersion = 17.0.32112.339
MinimumVisualStudioVersion = 10.0.40219.1
Project("{8BC9CEB8-8B4A-11D0-8D11-00A0C91BC942}") = "ex08_08", "ex08_08\ex08_08.vcxproj", "{E8D8A513-5AAF-4C45-8996-B8670022ED40}"
EndProject
Project("{8BC9CEB8-8B4A-11D0-8D11-00A0C91BC942}") = "ex08_09", "ex08_09\ex08_09.vcxproj", "{995A6373-D22F-45EF-B4D6-3DC321B3C524}"
EndProject
Project("{8BC9CEB8-8B4A-11D0-8D11-00A0C91BC942}") = "ex08_10", "ex08_10\ex08_10.vcxproj", "{ED745AB8-129C-442B-8AE1-4411F04670F0}"
EndProject
Project("{8BC9CEB8-8B4A-11D0-8D11-00A0C91BC942}") = "ex08_11", "ex08_11\ex08_11.vcxproj", "{FE1020C1-8171-487C-A8C7-9B5EEC1C85EC}"
EndProject
Global
	GlobalSection(SolutionConfigurationPlatforms) = preSolution
		Debug|x64 = Debug|x64
		Debug|x86 = Debug|x86
		Release|x64 = Release|x64
		Release|x86 = Release|x86
	EndGlobalSection
	GlobalSection(ProjectConfigurationPlatforms) = postSolution
		{E8D8A513-5AAF-4C45-8996-B8670022ED40}.Debug|x64.ActiveCfg = Debug|x64
		{E8D8A513-5AAF-4C45-8996-B8670022ED40}.Debug|x64.Build.0 = Debug|x64
		{E8D8A513-5AAF-4C45-8996-B8670022ED40}.Debug|x86.ActiveCfg = Debug|Win32
		{E8D8A513-5AAF-4C45-8996-B8670022ED40}.Debug|x86.Build.0 = Debug|Win32
		{E8D8A513-5AAF-4C45-8996-B8670022ED40}.Release|x64.ActiveCfg = Release|x64
		{E8D8A513-5AAF-4C45-8996-B8670022ED40}.Release|x64.Build.0 = Release|x64
		{E8D8A513-5AAF-4C45-8996-B8670022ED40}.Release|x86.ActiveCfg = Release|Win32
		{E8D8A513-5AAF-4C45-8996-B8670022ED40}.Release|x86.Build.0 = Release|Win32
		{995A6373-D22F-45EF-B4D6-3DC321B3C524}.Debug|x64.ActiveCfg = Debug|x64
		{995A6373-D22F-45EF-B4D6-3DC321B3C524}.Debug|x64.Build.0 = Debug|x64
		{995A6373-D22F-45EF-B4D6-3DC321B3C524}.Debug|x86.ActiveCfg = Debug|Win32
		{995A6373-D22F-45EF-B4D6-3DC321B3C524}.Debug|x86.Build.0 = Debug|Win32
		{995A6373-D22F-45EF-B4D6-3DC321B3C524}.Release|x64.ActiveCfg = Release|x64
		{995A6373-D22F-45EF-B4D6-3DC321B3C524}.Release|x64.Build.0 = Release|x64
		{995A6373-D22F-45EF-B4D6-3DC321B3C524}.Release|x86.ActiveCfg = Release|Win32
		{995A6373-D22F-45EF-B4D6-3DC321B3C524}.Release|x86.Build.0 = Release|Win32
		{ED745AB8-129C-442B-8AE1-4411F04670F0}.Debug|x64.ActiveCfg = Debug|x64
		{ED745AB8-129C-442B-8AE1-4411F04670F0}.Debug|x64.Build.0 = Debug|x64
		{ED745AB8-129C-442B-8AE1-4411F04670F0}.Debug|x86.ActiveCfg = Debug|Win32
		{ED745AB8-129C-442B-8AE1-4411F04670F0}.Debug|x86.Build.0 = Debug|Win32
		{ED745AB8-129C-442B-8AE1-4411F04670F0}.Release|x64.ActiveCfg = Release|x64
		{ED745AB8-129C-442B-8AE1-4411F04670F0}.Release|x64.Build.0 = Release|x64
		{ED745AB8-129C-442B-8AE1-4411F04670F0}.Release|x86.ActiveCfg = Release|Win32
		{ED745AB8-129C-442B-8AE1-4411F04670F0}.Release|x86.Build.0 = Release|Win32
		{FE1020C1-8171-487C-A8C7-9B5EEC1C85EC}.Debug|x64.ActiveCfg = Debug|x64
		{FE1020C1-8171-487C-A8C7-9B5EEC1C85EC}.Debug|x64.Build.0 = Debug|x64
		{FE1020C1-8171-487C-A8C7-9B5EEC1C85EC}.Debug|x86.ActiveCfg = Debug|Win32
		{FE1020C1-8171-487C-A8C7-9B5EEC1C85EC}.Debug|x86.Build.0 = Debug|Win32
		{FE1020C1-8171-487C-A8C7-9B5EEC1C85EC}.Release|x64.ActiveCfg = Release|x64
		{FE1020C1-8171-487C-A8C7-9B5EEC1C85EC}.Release|x64.Build.0 = Release|x64
		{FE1020C1-8171-487C-A8C7-9B5EEC1C85EC}.Release|x86.ActiveCfg = Release|Win32
		{FE1020C1-8171-487C-A8C7-9B5EEC1C85EC}.Release|x86.Build.0 = Release|Win32
	EndGlobalSection
	GlobalSection(SolutionProperties) = preSolution
		HideSolutionNode = FALSE
	EndGlobalSection
	GlobalSection(ExtensibilityGlobals) = postSolution
		SolutionGuid = {1813A652-F40F-4EA1-9834-4A9CE396B353}
	EndGlobalSection
EndGlobal
